
Microsoft Visual Studio Solution File, Format Version 12.00
# Visual Studio Version 17
VisualStudioVersion = 17.8.34525.116
MinimumVisualStudioVersion = 10.0.40219.1
Project("{FAE04EC0-301F-11D3-BF4B-00C04F79EFBC}") = "HyperSpaceStars", "HyperSpaceStars\HyperSpaceStars.csproj", "{B80FEBBE-49A4-4E23-A2B6-77F674C8519F}"
EndProject
Global
	GlobalSection(SolutionConfigurationPlatforms) = preSolution
		Debug|Any CPU = Debug|Any CPU
		Release|Any CPU = Release|Any CPU
	EndGlobalSection
	GlobalSection(ProjectConfigurationPlatforms) = postSolution
		{B80FEBBE-49A4-4E23-A2B6-77F674C8519F}.Debug|Any CPU.ActiveCfg = Debug|Any CPU
		{B80FEBBE-49A4-4E23-A2B6-77F674C8519F}.Debug|Any CPU.Build.0 = Debug|Any CPU
		{B80FEBBE-49A4-4E23-A2B6-77F674C8519F}.Release|Any CPU.ActiveCfg = Release|Any CPU
		{B80FEBBE-49A4-4E23-A2B6-77F674C8519F}.Release|Any CPU.Build.0 = Release|Any CPU
	EndGlobalSection
	GlobalSection(SolutionProperties) = preSolution
		HideSolutionNode = FALSE
	EndGlobalSection
	GlobalSection(ExtensibilityGlobals) = postSolution
		SolutionGuid = {C4EC2B5B-D114-40CA-A9E8-7576AD74AC83}
	EndGlobalSection
EndGlobal
